<?xml version="1.0" encoding="utf-8"?>
<Project ToolsVersion="4.0" xmlns="http://schemas.microsoft.com/developer/msbuild/2003">
  <ItemGroup>
    <Filter Include="Source Files">
      <UniqueIdentifier>{4FC737F1-C7A5-4376-A066-2A32D752A2FF}</UniqueIdentifier>
      <Extensions>cpp;c;cc;cxx;def;odl;idl;hpj;bat;asm;asmx</Extensions>
    </Filter>
    <Filter Include="Header Files">
      <UniqueIdentifier>{93995380-89BD-4b04-88EB-625FBE52EBFB}</UniqueIdentifier>
      <Extensions>h;hpp;hxx;hm;inl;inc;xsd</Extensions>
    </Filter>
    <Filter Include="Resource Files">
      <UniqueIdentifier>{67DA6AB6-F800-4c08-8B7A-83BB121AAD01}</UniqueIdentifier>
      <Extensions>rc;ico;cur;bmp;dlg;rc2;rct;bin;rgs;gif;jpg;jpeg;jpe;resx;tiff;tif;png;wav;mfcribbon-ms</Extensions>
    </Filter>
  </ItemGroup>
  <ItemGroup>
    <ClInclude Include="..\source\PKB\PKB.h">
      <Filter>Header Files</Filter>
    </ClInclude>
    <ClInclude Include="..\source\PKB\PKBManager.h">
      <Filter>Header Files</Filter>
    </ClInclude>
    <ClInclude Include="..\source\commons\Argument.h">
      <Filter>Header Files</Filter>
    </ClInclude>
    <ClInclude Include="..\source\commons\Stream.h">
      <Filter>Header Files</Filter>
    </ClInclude>
    <ClInclude Include="..\source\commons\Token.h">
      <Filter>Header Files</Filter>
    </ClInclude>
    <ClInclude Include="..\source\commons\Tokenizer.h">
      <Filter>Header Files</Filter>
    </ClInclude>
    <ClInclude Include="..\source\commons\UtilsFunction.h">
      <Filter>Header Files</Filter>
    </ClInclude>
    <ClInclude Include="..\source\QPS\QPS.h">
      <Filter>Header Files</Filter>
    </ClInclude>
    <ClInclude Include="..\source\SP\SP.h">
      <Filter>Header Files</Filter>
    </ClInclude>
    <ClInclude Include="..\source\QPS\Evaluators\CallsEvaluator.h">
      <Filter>Header Files</Filter>
    </ClInclude>
    <ClInclude Include="..\source\QPS\Evaluators\CallsStarEvaluator.h">
      <Filter>Header Files</Filter>
    </ClInclude>
    <ClInclude Include="..\source\QPS\Evaluators\FollowsEvaluator.h">
      <Filter>Header Files</Filter>
    </ClInclude>
    <ClInclude Include="..\source\QPS\Evaluators\FollowsStarEvaluator.h">
      <Filter>Header Files</Filter>
    </ClInclude>
    <ClInclude Include="..\source\QPS\Evaluators\ModifiesEvaluator.h">
      <Filter>Header Files</Filter>
    </ClInclude>
    <ClInclude Include="..\source\QPS\Evaluators\ParentEvaluator.h">
      <Filter>Header Files</Filter>
    </ClInclude>
    <ClInclude Include="..\source\QPS\Evaluators\ParentStarEvaluator.h">
      <Filter>Header Files</Filter>
    </ClInclude>
    <ClInclude Include="..\source\QPS\Evaluators\PatternContainerEvaluator.h">
      <Filter>Header Files</Filter>
    </ClInclude>
    <ClInclude Include="..\source\QPS\Evaluators\PatternEvaluator.h">
      <Filter>Header Files</Filter>
    </ClInclude>
    <ClInclude Include="..\source\QPS\Evaluators\QpsEvaluator.h">
      <Filter>Header Files</Filter>
    </ClInclude>
    <ClInclude Include="..\source\QPS\Evaluators\QpsQueryEvaluator.h">
      <Filter>Header Files</Filter>
    </ClInclude>
    <ClInclude Include="..\source\QPS\Evaluators\QpsResult.h">
      <Filter>Header Files</Filter>
    </ClInclude>
    <ClInclude Include="..\source\QPS\Evaluators\QpsResultTable.h">
      <Filter>Header Files</Filter>
    </ClInclude>
    <ClInclude Include="..\source\QPS\Evaluators\QpsValue.h">
      <Filter>Header Files</Filter>
    </ClInclude>
    <ClInclude Include="..\source\QPS\Evaluators\QueryResult.h">
      <Filter>Header Files</Filter>
    </ClInclude>
    <ClInclude Include="..\source\QPS\Evaluators\SimpleEvaluator.h">
      <Filter>Header Files</Filter>
    </ClInclude>
    <ClInclude Include="..\source\QPS\Evaluators\UsesEvaluator.h">
      <Filter>Header Files</Filter>
    </ClInclude>
    <ClInclude Include="..\source\QPS\Preprocessor\ParsedQuery.h">
      <Filter>Header Files</Filter>
    </ClInclude>
    <ClInclude Include="..\source\QPS\Preprocessor\PqlAndParser.h">
      <Filter>Header Files</Filter>
    </ClInclude>
    <ClInclude Include="..\source\QPS\Preprocessor\PqlArgument.h">
      <Filter>Header Files</Filter>
    </ClInclude>
    <ClInclude Include="..\source\QPS\Preprocessor\PqlArgumentParser.h">
      <Filter>Header Files</Filter>
    </ClInclude>
    <ClInclude Include="..\source\QPS\Preprocessor\PqlAttributeParser.h">
      <Filter>Header Files</Filter>
    </ClInclude>
    <ClInclude Include="..\source\QPS\Preprocessor\PqlAttributes.h">
      <Filter>Header Files</Filter>
    </ClInclude>
    <ClInclude Include="..\source\QPS\Preprocessor\PqlDeclarationParser.h">
      <Filter>Header Files</Filter>
    </ClInclude>
    <ClInclude Include="..\source\QPS\Preprocessor\PqlParser.h">
      <Filter>Header Files</Filter>
    </ClInclude>
    <ClInclude Include="..\source\QPS\Preprocessor\PqlPatternParser.h">
      <Filter>Header Files</Filter>
    </ClInclude>
    <ClInclude Include="..\source\QPS\Preprocessor\PqlPatternSubParser.h">
      <Filter>Header Files</Filter>
    </ClInclude>
    <ClInclude Include="..\source\QPS\Preprocessor\PqlQueryParser.h">
      <Filter>Header Files</Filter>
    </ClInclude>
    <ClInclude Include="..\source\QPS\Preprocessor\PqlSelectParser.h">
      <Filter>Header Files</Filter>
    </ClInclude>
    <ClInclude Include="..\source\QPS\Preprocessor\PqlSemanticChecker.h">
      <Filter>Header Files</Filter>
    </ClInclude>
    <ClInclude Include="..\source\QPS\Preprocessor\PqlSuchThatParser.h">
      <Filter>Header Files</Filter>
    </ClInclude>
    <ClInclude Include="..\source\QPS\Preprocessor\PqlSuchThatSubParser.h">
      <Filter>Header Files</Filter>
    </ClInclude>
    <ClInclude Include="..\source\QPS\Preprocessor\QpsPreprocessor.h">
      <Filter>Header Files</Filter>
    </ClInclude>
    <ClInclude Include="..\source\QPS\Translator\QpsTranslator.h">
      <Filter>Header Files</Filter>
    </ClInclude>
    <ClInclude Include="..\source\PKB\DataTypes\DesignEntity.h">
      <Filter>Header Files</Filter>
    </ClInclude>
    <ClInclude Include="..\source\PKB\DataTypes\PKBQueryArg.h">
      <Filter>Header Files</Filter>
    </ClInclude>
    <ClInclude Include="..\source\PKB\DataTypes\PKBQueryTypes.h">
      <Filter>Header Files</Filter>
    </ClInclude>
    <ClInclude Include="..\source\PKB\DataTypes\PKBTypes.h">
      <Filter>Header Files</Filter>
    </ClInclude>
    <ClInclude Include="..\source\PKB\Storage\EntityStorage.h">
      <Filter>Header Files</Filter>
    </ClInclude>
    <ClInclude Include="..\source\PKB\Storage\PatternStorage.h">
      <Filter>Header Files</Filter>
    </ClInclude>
    <ClInclude Include="..\source\PKB\Storage\RelationshipStorage.h">
      <Filter>Header Files</Filter>
    </ClInclude>
    <ClInclude Include="..\source\PKB\utils\HashTuple.h">
      <Filter>Header Files</Filter>
    </ClInclude>
    <ClInclude Include="..\source\SP\DesignExtractor\DesignExtractor.h">
      <Filter>Header Files</Filter>
    </ClInclude>
    <ClInclude Include="..\source\SP\Parser\SpParser.h">
      <Filter>Header Files</Filter>
    </ClInclude>
    <ClInclude Include="..\source\SP\Statements\ContainerStatement.h">
      <Filter>Header Files</Filter>
    </ClInclude>
    <ClInclude Include="..\source\SP\Statements\NonContainerStatement.h">
      <Filter>Header Files</Filter>
    </ClInclude>
    <ClInclude Include="..\source\SP\Statements\ProcedureStatement.h">
      <Filter>Header Files</Filter>
    </ClInclude>
    <ClInclude Include="..\source\SP\Statements\ProgramStatement.h">
      <Filter>Header Files</Filter>
    </ClInclude>
    <ClInclude Include="..\source\SP\Validators\SpCyclicValidator.h">
      <Filter>Header Files</Filter>
    </ClInclude>
    <ClInclude Include="..\source\SP\Validators\SpValidator.h">
      <Filter>Header Files</Filter>
    </ClInclude>
    <ClInclude Include="..\source\PKB\DataTypes\CFGNode.h">
      <Filter>Header Files</Filter>
    </ClInclude>
    <ClInclude Include="..\source\QPS\Evaluators\NextEvaluator.h">
      <Filter>Header Files</Filter>
    </ClInclude>
  </ItemGroup>
  <ItemGroup>
    <ClCompile Include="..\source\PKB\PKB.cpp">
      <Filter>Source Files</Filter>
    </ClCompile>
    <ClCompile Include="..\source\commons\Token.cpp">
      <Filter>Source Files</Filter>
    </ClCompile>
    <ClCompile Include="..\source\commons\Tokenizer.cpp">
      <Filter>Source Files</Filter>
    </ClCompile>
    <ClCompile Include="..\source\commons\UtilsFunction.cpp">
      <Filter>Source Files</Filter>
    </ClCompile>
    <ClCompile Include="..\source\QPS\QPS.cpp">
      <Filter>Source Files</Filter>
    </ClCompile>
    <ClCompile Include="..\source\SP\SP.cpp">
      <Filter>Source Files</Filter>
    </ClCompile>
    <ClCompile Include="..\source\QPS\Evaluators\CallsEvaluator.cpp">
      <Filter>Source Files</Filter>
    </ClCompile>
    <ClCompile Include="..\source\QPS\Evaluators\CallsStarEvaluator.cpp">
      <Filter>Source Files</Filter>
    </ClCompile>
    <ClCompile Include="..\source\QPS\Evaluators\FollowsEvaluator.cpp">
      <Filter>Source Files</Filter>
    </ClCompile>
    <ClCompile Include="..\source\QPS\Evaluators\FollowsStarEvaluator.cpp">
      <Filter>Source Files</Filter>
    </ClCompile>
    <ClCompile Include="..\source\QPS\Evaluators\ModifiesEvaluator.cpp">
      <Filter>Source Files</Filter>
    </ClCompile>
    <ClCompile Include="..\source\QPS\Evaluators\ParentEvaluator.cpp">
      <Filter>Source Files</Filter>
    </ClCompile>
    <ClCompile Include="..\source\QPS\Evaluators\ParentStarEvaluator.cpp">
      <Filter>Source Files</Filter>
    </ClCompile>
    <ClCompile Include="..\source\QPS\Evaluators\PatternContainerEvaluator.cpp">
      <Filter>Source Files</Filter>
    </ClCompile>
    <ClCompile Include="..\source\QPS\Evaluators\PatternEvaluator.cpp">
      <Filter>Source Files</Filter>
    </ClCompile>
    <ClCompile Include="..\source\QPS\Evaluators\QpsQueryEvaluator.cpp">
      <Filter>Source Files</Filter>
    </ClCompile>
    <ClCompile Include="..\source\QPS\Evaluators\QpsResult.cpp">
      <Filter>Source Files</Filter>
    </ClCompile>
    <ClCompile Include="..\source\QPS\Evaluators\QpsResultTable.cpp">
      <Filter>Source Files</Filter>
    </ClCompile>
    <ClCompile Include="..\source\QPS\Evaluators\QpsValue.cpp">
      <Filter>Source Files</Filter>
    </ClCompile>
    <ClCompile Include="..\source\QPS\Evaluators\QueryResult.cpp">
      <Filter>Source Files</Filter>
    </ClCompile>
    <ClCompile Include="..\source\QPS\Evaluators\SimpleEvaluator.cpp">
      <Filter>Source Files</Filter>
    </ClCompile>
    <ClCompile Include="..\source\QPS\Evaluators\UsesEvaluator.cpp">
      <Filter>Source Files</Filter>
    </ClCompile>
    <ClCompile Include="..\source\QPS\Preprocessor\ParsedQuery.cpp">
      <Filter>Source Files</Filter>
    </ClCompile>
    <ClCompile Include="..\source\QPS\Preprocessor\PqlAndParser.cpp">
      <Filter>Source Files</Filter>
    </ClCompile>
    <ClCompile Include="..\source\QPS\Preprocessor\PqlArgument.cpp">
      <Filter>Source Files</Filter>
    </ClCompile>
    <ClCompile Include="..\source\QPS\Preprocessor\PqlArgumentParser.cpp">
      <Filter>Source Files</Filter>
    </ClCompile>
    <ClCompile Include="..\source\QPS\Preprocessor\PqlAttributeParser.cpp">
      <Filter>Source Files</Filter>
    </ClCompile>
    <ClCompile Include="..\source\QPS\Preprocessor\PqlDeclarationParser.cpp">
      <Filter>Source Files</Filter>
    </ClCompile>
    <ClCompile Include="..\source\QPS\Preprocessor\PqlPatternParser.cpp">
      <Filter>Source Files</Filter>
    </ClCompile>
    <ClCompile Include="..\source\QPS\Preprocessor\PqlPatternSubParser.cpp">
      <Filter>Source Files</Filter>
    </ClCompile>
    <ClCompile Include="..\source\QPS\Preprocessor\PqlQueryParser.cpp">
      <Filter>Source Files</Filter>
    </ClCompile>
    <ClCompile Include="..\source\QPS\Preprocessor\PqlSelectParser.cpp">
      <Filter>Source Files</Filter>
    </ClCompile>
    <ClCompile Include="..\source\QPS\Preprocessor\PqlSemanticChecker.cpp">
      <Filter>Source Files</Filter>
    </ClCompile>
    <ClCompile Include="..\source\QPS\Preprocessor\PqlSuchThatParser.cpp">
      <Filter>Source Files</Filter>
    </ClCompile>
    <ClCompile Include="..\source\QPS\Preprocessor\PqlSuchThatSubParser.cpp">
      <Filter>Source Files</Filter>
    </ClCompile>
    <ClCompile Include="..\source\QPS\Preprocessor\QpsPreprocessor.cpp">
      <Filter>Source Files</Filter>
    </ClCompile>
    <ClCompile Include="..\source\QPS\Translator\QpsTranslator.cpp">
      <Filter>Source Files</Filter>
    </ClCompile>
    <ClCompile Include="..\source\PKB\Storage\EntityStorage.cpp">
      <Filter>Source Files</Filter>
    </ClCompile>
    <ClCompile Include="..\source\PKB\Storage\PatternStorage.cpp">
      <Filter>Source Files</Filter>
    </ClCompile>
    <ClCompile Include="..\source\PKB\Storage\RelationshipStorage.cpp">
      <Filter>Source Files</Filter>
    </ClCompile>
    <ClCompile Include="..\source\PKB\DataTypes\PKBQueryArg.cpp">
      <Filter>Source Files</Filter>
    </ClCompile>
    <ClCompile Include="..\source\PKB\DataTypes\PKBQueryTypes.cpp">
      <Filter>Source Files</Filter>
    </ClCompile>
    <ClCompile Include="..\source\SP\Validators\SpCyclicValidator.cpp">
      <Filter>Source Files</Filter>
    </ClCompile>
    <ClCompile Include="..\source\SP\Validators\SpValidator.cpp">
      <Filter>Source Files</Filter>
    </ClCompile>
    <ClCompile Include="..\source\SP\Statements\ContainerStatement.cpp">
      <Filter>Source Files</Filter>
    </ClCompile>
    <ClCompile Include="..\source\SP\Statements\NonContainerStatement.cpp">
      <Filter>Source Files</Filter>
    </ClCompile>
    <ClCompile Include="..\source\SP\Statements\ProcedureStatement.cpp">
      <Filter>Source Files</Filter>
    </ClCompile>
    <ClCompile Include="..\source\SP\Statements\ProgramStatement.cpp">
      <Filter>Source Files</Filter>
    </ClCompile>
    <ClCompile Include="..\source\SP\Parser\SpParser.cpp">
      <Filter>Source Files</Filter>
    </ClCompile>
    <ClCompile Include="..\source\SP\DesignExtractor\DesignExtractor.cpp">
      <Filter>Source Files</Filter>
    </ClCompile>
    <ClCompile Include="..\source\PKB\DataTypes\CFGNode.cpp">
      <Filter>Source Files</Filter>
    </ClCompile>
    <ClCompile Include="..\source\QPS\Evaluators\NextEvaluator.cpp">
      <Filter>Source Files</Filter>
    </ClCompile>
  </ItemGroup>
  <ItemGroup>
    <Filter Include="Header Files">
      <UniqueIdentifier>{4ccf82dd-8ea3-407b-b8e1-177c138e1ee3}</UniqueIdentifier>
    </Filter>
    <Filter Include="Source Files">
      <UniqueIdentifier>{b0075ead-987f-4c89-b08e-5654c5e16bc1}</UniqueIdentifier>
    </Filter>
  </ItemGroup>
</Project>