<?xml version="1.0" encoding="utf-8"?>
<Project ToolsVersion="4.0" xmlns="http://schemas.microsoft.com/developer/msbuild/2003">
  <ItemGroup>
    <ClCompile Include="..\source\DesignExtractor.cpp" />
    <ClCompile Include="..\source\ParsedQuery.cpp" />
    <ClCompile Include="..\source\Parser.cpp" />
    <ClCompile Include="..\source\PKB.cpp" />
    <ClCompile Include="..\source\PKBQueryArg.cpp" />
    <ClCompile Include="..\source\PKBQueryTypes.cpp" />
    <ClCompile Include="..\source\PqlArgument.cpp" />
    <ClCompile Include="..\source\PqlArgumentParser.cpp" />
    <ClCompile Include="..\source\PqlDeclarationParser.cpp" />
    <ClCompile Include="..\source\PqlPatternParser.cpp" />
    <ClCompile Include="..\source\PqlQueryParser.cpp" />
    <ClCompile Include="..\source\PqlSuchThatParser.cpp" />
    <ClCompile Include="..\source\QueryResult.cpp" />
    <ClCompile Include="..\source\TNode.cpp" />
    <ClCompile Include="..\source\QPS.cpp" />
    <ClCompile Include="..\source\QpsEvaluator.cpp" />
    <ClCompile Include="..\source\QpsPreprocessor.cpp" />
    <ClCompile Include="..\source\Token.cpp" />
    <ClCompile Include="..\source\Tokenizer.cpp" />
    <ClCompile Include="..\source\UtilsFunction.cpp" />
    <ClCompile Include="..\source\PqlParser.h" />
    <ClCompile Include="..\source\QPS.h" />
    <ClCompile Include="..\source\QpsEvaluator.h" />
    <ClCompile Include="..\source\QpsPreprocessor.h" />
  </ItemGroup>
  <ItemGroup>
    <ClInclude Include="..\source\Argument.h" />
    <ClInclude Include="..\source\DesignEntity.h" />
    <ClInclude Include="..\source\EntityStorage.h" />
    <ClInclude Include="..\source\ParsedQuery.h" />
    <ClInclude Include="..\source\Parser.h" />
    <ClInclude Include="..\source\PatternStorage.h" />
    <ClInclude Include="..\source\PKB.h" />
    <ClInclude Include="..\source\PKBManager.h" />
    <ClInclude Include="..\source\PKBQueryArg.h" />
    <ClInclude Include="..\source\PKBQueryTypes.h" />
    <ClInclude Include="..\source\PKBTypes.h" />
    <ClInclude Include="..\source\PqlArgument.h" />
    <ClInclude Include="..\source\PqlArgumentParser.h" />
    <ClInclude Include="..\source\PqlDeclarationParser.h" />
    <ClInclude Include="..\source\PqlPatternParser.h" />
    <ClInclude Include="..\source\PqlQueryParser.h" />
    <ClInclude Include="..\source\PqlSuchThatParser.h" />
    <ClInclude Include="..\source\QueryResult.h" />
    <ClInclude Include="..\source\RelationshipStorage.h" />
    <ClInclude Include="..\source\Stream.h" />
    <ClInclude Include="..\source\TNode.h" />
    <ClInclude Include="..\source\Token.h" />
    <ClInclude Include="..\source\Tokenizer.h" />
    <ClInclude Include="..\source\UtilsFunction.h" />
    <ClInclude Include="..\source\HashTuple.h" />
  </ItemGroup>
  <ItemGroup>
    <Filter Include="Header Files">
      <UniqueIdentifier>{4ccf82dd-8ea3-407b-b8e1-177c138e1ee3}</UniqueIdentifier>
    </Filter>
    <Filter Include="Source Files">
      <UniqueIdentifier>{b0075ead-987f-4c89-b08e-5654c5e16bc1}</UniqueIdentifier>
    </Filter>
  </ItemGroup>
</Project>